// !$*UTF8*$!
{
	archiveVersion = 1;
	classes = {
	};
	objectVersion = 51;
	objects = {

/* Begin PBXBuildFile section */
		3566188E07417FA75CF74845 /* Pods_Stocks_StocksTests.framework in Frameworks */ = {isa = PBXBuildFile; fileRef = CF85EEAFF94CBE971D9577EB /* Pods_Stocks_StocksTests.framework */; };
		79FD3BB4A68F14CCC258596A /* Pods_StockResources.framework in Frameworks */ = {isa = PBXBuildFile; fileRef = 272B724A4455314B6C7DFF00 /* Pods_StockResources.framework */; };
		D3B5831C55320FB070BE98C6 /* Pods_Stocks.framework in Frameworks */ = {isa = PBXBuildFile; fileRef = 0905BE0AA0C00369B6AC1139 /* Pods_Stocks.framework */; };
		D8DE28D6E5A8E8C065EF6496 /* Pods_Host.framework in Frameworks */ = {isa = PBXBuildFile; fileRef = 991C67E61B5D0863D69D7609 /* Pods_Host.framework */; };
		FECA8EC324705C1100B0B453 /* libStocks.a in Frameworks */ = {isa = PBXBuildFile; fileRef = FECA8EB324705AC400B0B453 /* libStocks.a */; };
		FECA8EC924705C5000B0B453 /* Data+Addons.swift in Sources */ = {isa = PBXBuildFile; fileRef = FE8E7BEA24701A7700839CD6 /* Data+Addons.swift */; };
		FECA8ECA24705C5300B0B453 /* SearchPresenterTests.swift in Sources */ = {isa = PBXBuildFile; fileRef = FE8E7BE424701A1E00839CD6 /* SearchPresenterTests.swift */; };
		FECA8ECB24705C5600B0B453 /* search.json in Resources */ = {isa = PBXBuildFile; fileRef = FE8E7BE724701A3800839CD6 /* search.json */; };
		FECA8ECC24705C6F00B0B453 /* SearchInterfaces.swift in Sources */ = {isa = PBXBuildFile; fileRef = FE04E34A2470027500C599F9 /* SearchInterfaces.swift */; };
		FECA8ECD24705C6F00B0B453 /* SearchPresenter.swift in Sources */ = {isa = PBXBuildFile; fileRef = FE04E34B2470027500C599F9 /* SearchPresenter.swift */; };
		FECA8ECE24705C6F00B0B453 /* SearchViewController.swift in Sources */ = {isa = PBXBuildFile; fileRef = FE04E34C2470027500C599F9 /* SearchViewController.swift */; };
		FECA8ECF24705C6F00B0B453 /* SearchInteractor.swift in Sources */ = {isa = PBXBuildFile; fileRef = FE04E34D2470027500C599F9 /* SearchInteractor.swift */; };
		FECA8ED024705C6F00B0B453 /* SearchWireframe.swift in Sources */ = {isa = PBXBuildFile; fileRef = FE04E34F2470027500C599F9 /* SearchWireframe.swift */; };
		FECA8ED124705C7600B0B453 /* StockCell.swift in Sources */ = {isa = PBXBuildFile; fileRef = FEEC14C7247010F90022FF27 /* StockCell.swift */; };
		FECA8ED224705C7600B0B453 /* WatchlistInterfaces.swift in Sources */ = {isa = PBXBuildFile; fileRef = FEEC14D2247011170022FF27 /* WatchlistInterfaces.swift */; };
		FECA8ED324705C7600B0B453 /* WatchlistPresenter.swift in Sources */ = {isa = PBXBuildFile; fileRef = FEEC14D3247011170022FF27 /* WatchlistPresenter.swift */; };
		FECA8ED424705C7600B0B453 /* WatchlistViewController.swift in Sources */ = {isa = PBXBuildFile; fileRef = FEEC14D4247011170022FF27 /* WatchlistViewController.swift */; };
		FECA8ED524705C7600B0B453 /* WatchlistInteractor.swift in Sources */ = {isa = PBXBuildFile; fileRef = FEEC14D5247011170022FF27 /* WatchlistInteractor.swift */; };
		FECA8ED624705C7600B0B453 /* WatchlistWireframe.swift in Sources */ = {isa = PBXBuildFile; fileRef = FEEC14D7247011170022FF27 /* WatchlistWireframe.swift */; };
		FECA8ED724705C7E00B0B453 /* BaseWireframe.swift in Sources */ = {isa = PBXBuildFile; fileRef = FE04E33D2470011300C599F9 /* BaseWireframe.swift */; };
		FECA8ED824705C7E00B0B453 /* FormatterInterface.swift in Sources */ = {isa = PBXBuildFile; fileRef = FE04E33E2470011300C599F9 /* FormatterInterface.swift */; };
		FECA8ED924705C7E00B0B453 /* UIStoryboardExtension.swift in Sources */ = {isa = PBXBuildFile; fileRef = FE04E33F2470011300C599F9 /* UIStoryboardExtension.swift */; };
		FECA8EDA24705C7E00B0B453 /* PresenterInterface.swift in Sources */ = {isa = PBXBuildFile; fileRef = FE04E3402470011300C599F9 /* PresenterInterface.swift */; };
		FECA8EDB24705C7E00B0B453 /* ViewInterface.swift in Sources */ = {isa = PBXBuildFile; fileRef = FE04E3412470011300C599F9 /* ViewInterface.swift */; };
		FECA8EDC24705C7E00B0B453 /* InteractorInterface.swift in Sources */ = {isa = PBXBuildFile; fileRef = FE04E3422470011300C599F9 /* InteractorInterface.swift */; };
		FECA8EDD24705C7E00B0B453 /* Bundle.swift in Sources */ = {isa = PBXBuildFile; fileRef = FEB37F3723E1F17C0095E768 /* Bundle.swift */; };
		FECA8EDE24705C7E00B0B453 /* NetworkService.swift in Sources */ = {isa = PBXBuildFile; fileRef = FE71F127228D85F200982049 /* NetworkService.swift */; };
		FECA8EDF24705C7E00B0B453 /* Reachability.swift in Sources */ = {isa = PBXBuildFile; fileRef = FE71F12B228D88C500982049 /* Reachability.swift */; };
		FECA8EE024705C7E00B0B453 /* ServiceError.swift in Sources */ = {isa = PBXBuildFile; fileRef = FE71F129228D88A700982049 /* ServiceError.swift */; };
		FECA8EEB24705D3D00B0B453 /* StockCell.xib in Resources */ = {isa = PBXBuildFile; fileRef = FEEC14C6247010F90022FF27 /* StockCell.xib */; };
		FECA8EEC24705D3D00B0B453 /* WatchlistViewController.xib in Resources */ = {isa = PBXBuildFile; fileRef = FEEC14D6247011170022FF27 /* WatchlistViewController.xib */; };
		FECA8EED24705D3D00B0B453 /* SearchViewController.xib in Resources */ = {isa = PBXBuildFile; fileRef = FE04E34E2470027500C599F9 /* SearchViewController.xib */; };
		FECA8EF524705DA500B0B453 /* AppDelegate.swift in Sources */ = {isa = PBXBuildFile; fileRef = FECA8EF424705DA500B0B453 /* AppDelegate.swift */; };
		FECA8EFE24705DA600B0B453 /* Assets.xcassets in Resources */ = {isa = PBXBuildFile; fileRef = FECA8EFD24705DA600B0B453 /* Assets.xcassets */; };
		FECA8F0124705DA600B0B453 /* LaunchScreen.storyboard in Resources */ = {isa = PBXBuildFile; fileRef = FECA8EFF24705DA600B0B453 /* LaunchScreen.storyboard */; };
/* End PBXBuildFile section */

/* Begin PBXContainerItemProxy section */
		FECA8EC424705C1100B0B453 /* PBXContainerItemProxy */ = {
			isa = PBXContainerItemProxy;
			containerPortal = FE6FC306228C739500391130 /* Project object */;
			proxyType = 1;
			remoteGlobalIDString = FECA8EB224705AC400B0B453;
			remoteInfo = Stocks;
		};
		FECA8F1624705EB300B0B453 /* PBXContainerItemProxy */ = {
			isa = PBXContainerItemProxy;
			containerPortal = FE6FC306228C739500391130 /* Project object */;
			proxyType = 1;
			remoteGlobalIDString = FECA8EE424705D0E00B0B453;
			remoteInfo = StockResources;
		};
/* End PBXContainerItemProxy section */

/* Begin PBXCopyFilesBuildPhase section */
		FECA8EB124705AC400B0B453 /* CopyFiles */ = {
			isa = PBXCopyFilesBuildPhase;
			buildActionMask = 2147483647;
			dstPath = "include/$(PRODUCT_NAME)";
			dstSubfolderSpec = 16;
			files = (
			);
			runOnlyForDeploymentPostprocessing = 0;
		};
/* End PBXCopyFilesBuildPhase section */

/* Begin PBXFileReference section */
		0905BE0AA0C00369B6AC1139 /* Pods_Stocks.framework */ = {isa = PBXFileReference; explicitFileType = wrapper.framework; includeInIndex = 0; path = Pods_Stocks.framework; sourceTree = BUILT_PRODUCTS_DIR; };
		204E373798CD06F977F64A6C /* Pods-Stocks-StocksTests.debug.xcconfig */ = {isa = PBXFileReference; includeInIndex = 1; lastKnownFileType = text.xcconfig; name = "Pods-Stocks-StocksTests.debug.xcconfig"; path = "Target Support Files/Pods-Stocks-StocksTests/Pods-Stocks-StocksTests.debug.xcconfig"; sourceTree = "<group>"; };
		272B724A4455314B6C7DFF00 /* Pods_StockResources.framework */ = {isa = PBXFileReference; explicitFileType = wrapper.framework; includeInIndex = 0; path = Pods_StockResources.framework; sourceTree = BUILT_PRODUCTS_DIR; };
		2836D68A2CE17CF469C06D5A /* Pods-MyStocksUITests.debug.xcconfig */ = {isa = PBXFileReference; includeInIndex = 1; lastKnownFileType = text.xcconfig; name = "Pods-MyStocksUITests.debug.xcconfig"; path = "Target Support Files/Pods-MyStocksUITests/Pods-MyStocksUITests.debug.xcconfig"; sourceTree = "<group>"; };
		2A6906D26DECC7B4866781C8 /* Pods-Host.debug.xcconfig */ = {isa = PBXFileReference; includeInIndex = 1; lastKnownFileType = text.xcconfig; name = "Pods-Host.debug.xcconfig"; path = "Target Support Files/Pods-Host/Pods-Host.debug.xcconfig"; sourceTree = "<group>"; };
		53FB1F24E76B13051EC56CAE /* Pods-StockResources.debug.xcconfig */ = {isa = PBXFileReference; includeInIndex = 1; lastKnownFileType = text.xcconfig; name = "Pods-StockResources.debug.xcconfig"; path = "Target Support Files/Pods-StockResources/Pods-StockResources.debug.xcconfig"; sourceTree = "<group>"; };
		626D3A5436F61D60A0B858FC /* Pods-Host.release.xcconfig */ = {isa = PBXFileReference; includeInIndex = 1; lastKnownFileType = text.xcconfig; name = "Pods-Host.release.xcconfig"; path = "Target Support Files/Pods-Host/Pods-Host.release.xcconfig"; sourceTree = "<group>"; };
		7C29F7F928D1BD4899006AA9 /* Pods-MyStocks.release.xcconfig */ = {isa = PBXFileReference; includeInIndex = 1; lastKnownFileType = text.xcconfig; name = "Pods-MyStocks.release.xcconfig"; path = "Target Support Files/Pods-MyStocks/Pods-MyStocks.release.xcconfig"; sourceTree = "<group>"; };
		829EAA4F3406158E1011F943 /* Pods_MyStocks.framework */ = {isa = PBXFileReference; explicitFileType = wrapper.framework; includeInIndex = 0; path = Pods_MyStocks.framework; sourceTree = BUILT_PRODUCTS_DIR; };
		8F509E0E1EB1414EA3B5301E /* Pods-StockResources.release.xcconfig */ = {isa = PBXFileReference; includeInIndex = 1; lastKnownFileType = text.xcconfig; name = "Pods-StockResources.release.xcconfig"; path = "Target Support Files/Pods-StockResources/Pods-StockResources.release.xcconfig"; sourceTree = "<group>"; };
		991C67E61B5D0863D69D7609 /* Pods_Host.framework */ = {isa = PBXFileReference; explicitFileType = wrapper.framework; includeInIndex = 0; path = Pods_Host.framework; sourceTree = BUILT_PRODUCTS_DIR; };
		9AD6C36234A33F2BB9D3ADCC /* Pods-MyStocks.debug.xcconfig */ = {isa = PBXFileReference; includeInIndex = 1; lastKnownFileType = text.xcconfig; name = "Pods-MyStocks.debug.xcconfig"; path = "Target Support Files/Pods-MyStocks/Pods-MyStocks.debug.xcconfig"; sourceTree = "<group>"; };
		A2684902E07CB946CDE297B4 /* Pods-Stocks.release.xcconfig */ = {isa = PBXFileReference; includeInIndex = 1; lastKnownFileType = text.xcconfig; name = "Pods-Stocks.release.xcconfig"; path = "Target Support Files/Pods-Stocks/Pods-Stocks.release.xcconfig"; sourceTree = "<group>"; };
		A6A002B181466A87BBD498C2 /* Pods-MyStocksTests.release.xcconfig */ = {isa = PBXFileReference; includeInIndex = 1; lastKnownFileType = text.xcconfig; name = "Pods-MyStocksTests.release.xcconfig"; path = "Target Support Files/Pods-MyStocksTests/Pods-MyStocksTests.release.xcconfig"; sourceTree = "<group>"; };
		A767DBEA1F451B115EF0DA73 /* Pods-MyStocksTests.debug.xcconfig */ = {isa = PBXFileReference; includeInIndex = 1; lastKnownFileType = text.xcconfig; name = "Pods-MyStocksTests.debug.xcconfig"; path = "Target Support Files/Pods-MyStocksTests/Pods-MyStocksTests.debug.xcconfig"; sourceTree = "<group>"; };
		BD99FE48E118B32FF82DDDC0 /* Pods-MyStocksUITests.release.xcconfig */ = {isa = PBXFileReference; includeInIndex = 1; lastKnownFileType = text.xcconfig; name = "Pods-MyStocksUITests.release.xcconfig"; path = "Target Support Files/Pods-MyStocksUITests/Pods-MyStocksUITests.release.xcconfig"; sourceTree = "<group>"; };
		CF85EEAFF94CBE971D9577EB /* Pods_Stocks_StocksTests.framework */ = {isa = PBXFileReference; explicitFileType = wrapper.framework; includeInIndex = 0; path = Pods_Stocks_StocksTests.framework; sourceTree = BUILT_PRODUCTS_DIR; };
		E755513E99E24AB1ECD251F2 /* Pods-Stocks.debug.xcconfig */ = {isa = PBXFileReference; includeInIndex = 1; lastKnownFileType = text.xcconfig; name = "Pods-Stocks.debug.xcconfig"; path = "Target Support Files/Pods-Stocks/Pods-Stocks.debug.xcconfig"; sourceTree = "<group>"; };
		E7C1202D20A7357F005D146D /* Pods-Stocks-StocksTests.release.xcconfig */ = {isa = PBXFileReference; includeInIndex = 1; lastKnownFileType = text.xcconfig; name = "Pods-Stocks-StocksTests.release.xcconfig"; path = "Target Support Files/Pods-Stocks-StocksTests/Pods-Stocks-StocksTests.release.xcconfig"; sourceTree = "<group>"; };
		FE04E33D2470011300C599F9 /* BaseWireframe.swift */ = {isa = PBXFileReference; fileEncoding = 4; lastKnownFileType = sourcecode.swift; path = BaseWireframe.swift; sourceTree = "<group>"; };
		FE04E33E2470011300C599F9 /* FormatterInterface.swift */ = {isa = PBXFileReference; fileEncoding = 4; lastKnownFileType = sourcecode.swift; path = FormatterInterface.swift; sourceTree = "<group>"; };
		FE04E33F2470011300C599F9 /* UIStoryboardExtension.swift */ = {isa = PBXFileReference; fileEncoding = 4; lastKnownFileType = sourcecode.swift; path = UIStoryboardExtension.swift; sourceTree = "<group>"; };
		FE04E3402470011300C599F9 /* PresenterInterface.swift */ = {isa = PBXFileReference; fileEncoding = 4; lastKnownFileType = sourcecode.swift; path = PresenterInterface.swift; sourceTree = "<group>"; };
		FE04E3412470011300C599F9 /* ViewInterface.swift */ = {isa = PBXFileReference; fileEncoding = 4; lastKnownFileType = sourcecode.swift; path = ViewInterface.swift; sourceTree = "<group>"; };
		FE04E3422470011300C599F9 /* InteractorInterface.swift */ = {isa = PBXFileReference; fileEncoding = 4; lastKnownFileType = sourcecode.swift; path = InteractorInterface.swift; sourceTree = "<group>"; };
		FE04E34A2470027500C599F9 /* SearchInterfaces.swift */ = {isa = PBXFileReference; lastKnownFileType = sourcecode.swift; path = SearchInterfaces.swift; sourceTree = "<group>"; };
		FE04E34B2470027500C599F9 /* SearchPresenter.swift */ = {isa = PBXFileReference; lastKnownFileType = sourcecode.swift; path = SearchPresenter.swift; sourceTree = "<group>"; };
		FE04E34C2470027500C599F9 /* SearchViewController.swift */ = {isa = PBXFileReference; lastKnownFileType = sourcecode.swift; path = SearchViewController.swift; sourceTree = "<group>"; };
		FE04E34D2470027500C599F9 /* SearchInteractor.swift */ = {isa = PBXFileReference; lastKnownFileType = sourcecode.swift; path = SearchInteractor.swift; sourceTree = "<group>"; };
		FE04E34E2470027500C599F9 /* SearchViewController.xib */ = {isa = PBXFileReference; lastKnownFileType = file.xib; path = SearchViewController.xib; sourceTree = "<group>"; };
		FE04E34F2470027500C599F9 /* SearchWireframe.swift */ = {isa = PBXFileReference; lastKnownFileType = sourcecode.swift; path = SearchWireframe.swift; sourceTree = "<group>"; };
		FE71F127228D85F200982049 /* NetworkService.swift */ = {isa = PBXFileReference; lastKnownFileType = sourcecode.swift; path = NetworkService.swift; sourceTree = "<group>"; };
		FE71F129228D88A700982049 /* ServiceError.swift */ = {isa = PBXFileReference; lastKnownFileType = sourcecode.swift; path = ServiceError.swift; sourceTree = "<group>"; };
		FE71F12B228D88C500982049 /* Reachability.swift */ = {isa = PBXFileReference; lastKnownFileType = sourcecode.swift; path = Reachability.swift; sourceTree = "<group>"; };
		FE8E7BE424701A1E00839CD6 /* SearchPresenterTests.swift */ = {isa = PBXFileReference; lastKnownFileType = sourcecode.swift; path = SearchPresenterTests.swift; sourceTree = "<group>"; };
		FE8E7BE724701A3800839CD6 /* search.json */ = {isa = PBXFileReference; lastKnownFileType = text.json; path = search.json; sourceTree = "<group>"; };
		FE8E7BEA24701A7700839CD6 /* Data+Addons.swift */ = {isa = PBXFileReference; fileEncoding = 4; lastKnownFileType = sourcecode.swift; path = "Data+Addons.swift"; sourceTree = "<group>"; };
		FEB37F3723E1F17C0095E768 /* Bundle.swift */ = {isa = PBXFileReference; lastKnownFileType = sourcecode.swift; path = Bundle.swift; sourceTree = "<group>"; };
		FECA8EB324705AC400B0B453 /* libStocks.a */ = {isa = PBXFileReference; explicitFileType = archive.ar; includeInIndex = 0; path = libStocks.a; sourceTree = BUILT_PRODUCTS_DIR; };
		FECA8EBE24705C1100B0B453 /* StocksTests.xctest */ = {isa = PBXFileReference; explicitFileType = wrapper.cfbundle; includeInIndex = 0; path = StocksTests.xctest; sourceTree = BUILT_PRODUCTS_DIR; };
		FECA8EC224705C1100B0B453 /* Info.plist */ = {isa = PBXFileReference; lastKnownFileType = text.plist.xml; path = Info.plist; sourceTree = "<group>"; };
		FECA8EE524705D0E00B0B453 /* StockResources.bundle */ = {isa = PBXFileReference; explicitFileType = wrapper.cfbundle; includeInIndex = 0; path = StockResources.bundle; sourceTree = BUILT_PRODUCTS_DIR; };
		FECA8EE724705D0E00B0B453 /* Info.plist */ = {isa = PBXFileReference; lastKnownFileType = text.plist.xml; path = Info.plist; sourceTree = "<group>"; };
		FECA8EF224705DA500B0B453 /* Host.app */ = {isa = PBXFileReference; explicitFileType = wrapper.application; includeInIndex = 0; path = Host.app; sourceTree = BUILT_PRODUCTS_DIR; };
		FECA8EF424705DA500B0B453 /* AppDelegate.swift */ = {isa = PBXFileReference; lastKnownFileType = sourcecode.swift; path = AppDelegate.swift; sourceTree = "<group>"; };
		FECA8EFD24705DA600B0B453 /* Assets.xcassets */ = {isa = PBXFileReference; lastKnownFileType = folder.assetcatalog; path = Assets.xcassets; sourceTree = "<group>"; };
		FECA8F0024705DA600B0B453 /* Base */ = {isa = PBXFileReference; lastKnownFileType = file.storyboard; name = Base; path = Base.lproj/LaunchScreen.storyboard; sourceTree = "<group>"; };
		FECA8F0224705DA600B0B453 /* Info.plist */ = {isa = PBXFileReference; lastKnownFileType = text.plist.xml; path = Info.plist; sourceTree = "<group>"; };
		FEE1C1F7233B780700E95CE2 /* Contracts.framework */ = {isa = PBXFileReference; explicitFileType = wrapper.framework; path = Contracts.framework; sourceTree = BUILT_PRODUCTS_DIR; };
		FEEC14C6247010F90022FF27 /* StockCell.xib */ = {isa = PBXFileReference; fileEncoding = 4; lastKnownFileType = file.xib; path = StockCell.xib; sourceTree = "<group>"; };
		FEEC14C7247010F90022FF27 /* StockCell.swift */ = {isa = PBXFileReference; fileEncoding = 4; lastKnownFileType = sourcecode.swift; path = StockCell.swift; sourceTree = "<group>"; };
		FEEC14D2247011170022FF27 /* WatchlistInterfaces.swift */ = {isa = PBXFileReference; lastKnownFileType = sourcecode.swift; path = WatchlistInterfaces.swift; sourceTree = "<group>"; };
		FEEC14D3247011170022FF27 /* WatchlistPresenter.swift */ = {isa = PBXFileReference; lastKnownFileType = sourcecode.swift; path = WatchlistPresenter.swift; sourceTree = "<group>"; };
		FEEC14D4247011170022FF27 /* WatchlistViewController.swift */ = {isa = PBXFileReference; lastKnownFileType = sourcecode.swift; path = WatchlistViewController.swift; sourceTree = "<group>"; };
		FEEC14D5247011170022FF27 /* WatchlistInteractor.swift */ = {isa = PBXFileReference; lastKnownFileType = sourcecode.swift; path = WatchlistInteractor.swift; sourceTree = "<group>"; };
		FEEC14D6247011170022FF27 /* WatchlistViewController.xib */ = {isa = PBXFileReference; lastKnownFileType = file.xib; path = WatchlistViewController.xib; sourceTree = "<group>"; };
		FEEC14D7247011170022FF27 /* WatchlistWireframe.swift */ = {isa = PBXFileReference; lastKnownFileType = sourcecode.swift; path = WatchlistWireframe.swift; sourceTree = "<group>"; };
/* End PBXFileReference section */

/* Begin PBXFrameworksBuildPhase section */
		FECA8EB024705AC400B0B453 /* Frameworks */ = {
			isa = PBXFrameworksBuildPhase;
			buildActionMask = 2147483647;
			files = (
				D3B5831C55320FB070BE98C6 /* Pods_Stocks.framework in Frameworks */,
			);
			runOnlyForDeploymentPostprocessing = 0;
		};
		FECA8EBB24705C1100B0B453 /* Frameworks */ = {
			isa = PBXFrameworksBuildPhase;
			buildActionMask = 2147483647;
			files = (
				FECA8EC324705C1100B0B453 /* libStocks.a in Frameworks */,
				3566188E07417FA75CF74845 /* Pods_Stocks_StocksTests.framework in Frameworks */,
			);
			runOnlyForDeploymentPostprocessing = 0;
		};
		FECA8EE224705D0E00B0B453 /* Frameworks */ = {
			isa = PBXFrameworksBuildPhase;
			buildActionMask = 2147483647;
			files = (
				79FD3BB4A68F14CCC258596A /* Pods_StockResources.framework in Frameworks */,
			);
			runOnlyForDeploymentPostprocessing = 0;
		};
		FECA8EEF24705DA500B0B453 /* Frameworks */ = {
			isa = PBXFrameworksBuildPhase;
			buildActionMask = 2147483647;
			files = (
				D8DE28D6E5A8E8C065EF6496 /* Pods_Host.framework in Frameworks */,
			);
			runOnlyForDeploymentPostprocessing = 0;
		};
/* End PBXFrameworksBuildPhase section */

/* Begin PBXGroup section */
		78045E73CC13F2CDB2DDF06E /* Pods */ = {
			isa = PBXGroup;
			children = (
				9AD6C36234A33F2BB9D3ADCC /* Pods-MyStocks.debug.xcconfig */,
				7C29F7F928D1BD4899006AA9 /* Pods-MyStocks.release.xcconfig */,
				A767DBEA1F451B115EF0DA73 /* Pods-MyStocksTests.debug.xcconfig */,
				A6A002B181466A87BBD498C2 /* Pods-MyStocksTests.release.xcconfig */,
				2836D68A2CE17CF469C06D5A /* Pods-MyStocksUITests.debug.xcconfig */,
				BD99FE48E118B32FF82DDDC0 /* Pods-MyStocksUITests.release.xcconfig */,
				2A6906D26DECC7B4866781C8 /* Pods-Host.debug.xcconfig */,
				626D3A5436F61D60A0B858FC /* Pods-Host.release.xcconfig */,
				53FB1F24E76B13051EC56CAE /* Pods-StockResources.debug.xcconfig */,
				8F509E0E1EB1414EA3B5301E /* Pods-StockResources.release.xcconfig */,
				E755513E99E24AB1ECD251F2 /* Pods-Stocks.debug.xcconfig */,
				A2684902E07CB946CDE297B4 /* Pods-Stocks.release.xcconfig */,
				204E373798CD06F977F64A6C /* Pods-Stocks-StocksTests.debug.xcconfig */,
				E7C1202D20A7357F005D146D /* Pods-Stocks-StocksTests.release.xcconfig */,
			);
			path = Pods;
			sourceTree = "<group>";
		};
		C15C8EDF11471A6EC96ABB62 /* Frameworks */ = {
			isa = PBXGroup;
			children = (
				FEE1C1F7233B780700E95CE2 /* Contracts.framework */,
				829EAA4F3406158E1011F943 /* Pods_MyStocks.framework */,
				991C67E61B5D0863D69D7609 /* Pods_Host.framework */,
				272B724A4455314B6C7DFF00 /* Pods_StockResources.framework */,
				0905BE0AA0C00369B6AC1139 /* Pods_Stocks.framework */,
				CF85EEAFF94CBE971D9577EB /* Pods_Stocks_StocksTests.framework */,
			);
			name = Frameworks;
			sourceTree = "<group>";
		};
		FE04E33C2470011300C599F9 /* ViperBase */ = {
			isa = PBXGroup;
			children = (
				FE04E33D2470011300C599F9 /* BaseWireframe.swift */,
				FE04E33E2470011300C599F9 /* FormatterInterface.swift */,
				FE04E33F2470011300C599F9 /* UIStoryboardExtension.swift */,
				FE04E3402470011300C599F9 /* PresenterInterface.swift */,
				FE04E3412470011300C599F9 /* ViewInterface.swift */,
				FE04E3422470011300C599F9 /* InteractorInterface.swift */,
			);
			path = ViperBase;
			sourceTree = "<group>";
		};
		FE04E3492470025400C599F9 /* Search */ = {
			isa = PBXGroup;
			children = (
				FE04E34A2470027500C599F9 /* SearchInterfaces.swift */,
				FE04E34B2470027500C599F9 /* SearchPresenter.swift */,
				FE04E34C2470027500C599F9 /* SearchViewController.swift */,
				FE04E34D2470027500C599F9 /* SearchInteractor.swift */,
				FE04E34E2470027500C599F9 /* SearchViewController.xib */,
				FE04E34F2470027500C599F9 /* SearchWireframe.swift */,
			);
			path = Search;
			sourceTree = "<group>";
		};
		FE6FC305228C739500391130 = {
			isa = PBXGroup;
			children = (
				FE6FC310228C739500391130 /* Stocks */,
				FECA8EBF24705C1100B0B453 /* StocksTests */,
				FECA8EE624705D0E00B0B453 /* StockResources */,
				FECA8EF324705DA500B0B453 /* Host */,
				FE6FC30F228C739500391130 /* Products */,
				78045E73CC13F2CDB2DDF06E /* Pods */,
				C15C8EDF11471A6EC96ABB62 /* Frameworks */,
			);
			sourceTree = "<group>";
		};
		FE6FC30F228C739500391130 /* Products */ = {
			isa = PBXGroup;
			children = (
				FECA8EB324705AC400B0B453 /* libStocks.a */,
				FECA8EBE24705C1100B0B453 /* StocksTests.xctest */,
				FECA8EE524705D0E00B0B453 /* StockResources.bundle */,
				FECA8EF224705DA500B0B453 /* Host.app */,
			);
			name = Products;
			sourceTree = "<group>";
		};
		FE6FC310228C739500391130 /* Stocks */ = {
			isa = PBXGroup;
			children = (
				FE6FC344228C74B200391130 /* Source */,
			);
			path = Stocks;
			sourceTree = "<group>";
		};
		FE6FC344228C74B200391130 /* Source */ = {
			isa = PBXGroup;
			children = (
				FE6FC345228C74B200391130 /* Common */,
				FE6FC346228C74B200391130 /* Modules */,
			);
			path = Source;
			sourceTree = "<group>";
		};
		FE6FC345228C74B200391130 /* Common */ = {
			isa = PBXGroup;
			children = (
				FE04E33C2470011300C599F9 /* ViperBase */,
				FEB37F3623E1F1410095E768 /* Utils */,
				FE71F126228D85DF00982049 /* Network */,
			);
			path = Common;
			sourceTree = "<group>";
		};
		FE6FC346228C74B200391130 /* Modules */ = {
			isa = PBXGroup;
			children = (
				FEEC14D1247011030022FF27 /* Watchlist */,
				FE04E3492470025400C599F9 /* Search */,
			);
			path = Modules;
			sourceTree = "<group>";
		};
		FE71F126228D85DF00982049 /* Network */ = {
			isa = PBXGroup;
			children = (
				FE71F127228D85F200982049 /* NetworkService.swift */,
				FE71F12B228D88C500982049 /* Reachability.swift */,
				FE71F129228D88A700982049 /* ServiceError.swift */,
			);
			path = Network;
			sourceTree = "<group>";
		};
		FE8E7BE3247019C100839CD6 /* Search */ = {
			isa = PBXGroup;
			children = (
				FE8E7BE424701A1E00839CD6 /* SearchPresenterTests.swift */,
			);
			path = Search;
			sourceTree = "<group>";
		};
		FE8E7BE624701A2400839CD6 /* Mocks */ = {
			isa = PBXGroup;
			children = (
				FE8E7BE724701A3800839CD6 /* search.json */,
			);
			path = Mocks;
			sourceTree = "<group>";
		};
		FE8E7BE924701A3D00839CD6 /* Helpers */ = {
			isa = PBXGroup;
			children = (
				FE8E7BEA24701A7700839CD6 /* Data+Addons.swift */,
			);
			path = Helpers;
			sourceTree = "<group>";
		};
		FEB37F3623E1F1410095E768 /* Utils */ = {
			isa = PBXGroup;
			children = (
				FEB37F3723E1F17C0095E768 /* Bundle.swift */,
			);
			path = Utils;
			sourceTree = "<group>";
		};
		FECA8EBF24705C1100B0B453 /* StocksTests */ = {
			isa = PBXGroup;
			children = (
				FE8E7BE924701A3D00839CD6 /* Helpers */,
				FE8E7BE624701A2400839CD6 /* Mocks */,
				FE8E7BE3247019C100839CD6 /* Search */,
				FECA8EC224705C1100B0B453 /* Info.plist */,
			);
			path = StocksTests;
			sourceTree = "<group>";
		};
		FECA8EE624705D0E00B0B453 /* StockResources */ = {
			isa = PBXGroup;
			children = (
				FECA8EE724705D0E00B0B453 /* Info.plist */,
			);
			path = StockResources;
			sourceTree = "<group>";
		};
		FECA8EF324705DA500B0B453 /* Host */ = {
			isa = PBXGroup;
			children = (
				FECA8EF424705DA500B0B453 /* AppDelegate.swift */,
				FECA8EFD24705DA600B0B453 /* Assets.xcassets */,
				FECA8EFF24705DA600B0B453 /* LaunchScreen.storyboard */,
				FECA8F0224705DA600B0B453 /* Info.plist */,
			);
			path = Host;
			sourceTree = "<group>";
		};
		FEEC14D1247011030022FF27 /* Watchlist */ = {
			isa = PBXGroup;
			children = (
				FEEC14DE2470111C0022FF27 /* Views */,
				FEEC14D2247011170022FF27 /* WatchlistInterfaces.swift */,
				FEEC14D3247011170022FF27 /* WatchlistPresenter.swift */,
				FEEC14D4247011170022FF27 /* WatchlistViewController.swift */,
				FEEC14D5247011170022FF27 /* WatchlistInteractor.swift */,
				FEEC14D6247011170022FF27 /* WatchlistViewController.xib */,
				FEEC14D7247011170022FF27 /* WatchlistWireframe.swift */,
			);
			path = Watchlist;
			sourceTree = "<group>";
		};
		FEEC14DE2470111C0022FF27 /* Views */ = {
			isa = PBXGroup;
			children = (
				FEEC14C6247010F90022FF27 /* StockCell.xib */,
				FEEC14C7247010F90022FF27 /* StockCell.swift */,
			);
			path = Views;
			sourceTree = "<group>";
		};
/* End PBXGroup section */

/* Begin PBXNativeTarget section */
		FECA8EB224705AC400B0B453 /* Stocks */ = {
			isa = PBXNativeTarget;
			buildConfigurationList = FECA8EB724705AC400B0B453 /* Build configuration list for PBXNativeTarget "Stocks" */;
			buildPhases = (
				13E489A513FAD611CA6D8A50 /* [CP] Check Pods Manifest.lock */,
				FECA8EAF24705AC400B0B453 /* Sources */,
				FECA8EB024705AC400B0B453 /* Frameworks */,
				FECA8EB124705AC400B0B453 /* CopyFiles */,
			);
			buildRules = (
			);
			dependencies = (
				FECA8F1724705EB300B0B453 /* PBXTargetDependency */,
			);
			name = Stocks;
			productName = Stocks;
			productReference = FECA8EB324705AC400B0B453 /* libStocks.a */;
			productType = "com.apple.product-type.library.static";
		};
		FECA8EBD24705C1100B0B453 /* StocksTests */ = {
			isa = PBXNativeTarget;
			buildConfigurationList = FECA8EC624705C1100B0B453 /* Build configuration list for PBXNativeTarget "StocksTests" */;
			buildPhases = (
				1226F5439F032CE8E351F262 /* [CP] Check Pods Manifest.lock */,
				FECA8EBA24705C1100B0B453 /* Sources */,
				FECA8EBB24705C1100B0B453 /* Frameworks */,
				FECA8EBC24705C1100B0B453 /* Resources */,
				A985FF20AEA393C53120AF3D /* [CP] Embed Pods Frameworks */,
			);
			buildRules = (
			);
			dependencies = (
				FECA8EC524705C1100B0B453 /* PBXTargetDependency */,
			);
			name = StocksTests;
			productName = StocksTests;
			productReference = FECA8EBE24705C1100B0B453 /* StocksTests.xctest */;
			productType = "com.apple.product-type.bundle.unit-test";
		};
		FECA8EE424705D0E00B0B453 /* StockResources */ = {
			isa = PBXNativeTarget;
			buildConfigurationList = FECA8EE824705D0E00B0B453 /* Build configuration list for PBXNativeTarget "StockResources" */;
			buildPhases = (
				4D6E1472E3F415F1F06FBF88 /* [CP] Check Pods Manifest.lock */,
				FECA8EE124705D0E00B0B453 /* Sources */,
				FECA8EE224705D0E00B0B453 /* Frameworks */,
				FECA8EE324705D0E00B0B453 /* Resources */,
			);
			buildRules = (
			);
			dependencies = (
			);
			name = StockResources;
			productName = StockResources;
			productReference = FECA8EE524705D0E00B0B453 /* StockResources.bundle */;
			productType = "com.apple.product-type.bundle";
		};
		FECA8EF124705DA500B0B453 /* Host */ = {
			isa = PBXNativeTarget;
			buildConfigurationList = FECA8F0E24705DA600B0B453 /* Build configuration list for PBXNativeTarget "Host" */;
			buildPhases = (
				EC1F60BAF16A97A0A0542AA8 /* [CP] Check Pods Manifest.lock */,
				FECA8EEE24705DA500B0B453 /* Sources */,
				FECA8EEF24705DA500B0B453 /* Frameworks */,
				FECA8EF024705DA500B0B453 /* Resources */,
			);
			buildRules = (
			);
			dependencies = (
			);
			name = Host;
			productName = Host;
			productReference = FECA8EF224705DA500B0B453 /* Host.app */;
			productType = "com.apple.product-type.application";
		};
/* End PBXNativeTarget section */

/* Begin PBXProject section */
		FE6FC306228C739500391130 /* Project object */ = {
			isa = PBXProject;
			attributes = {
				LastSwiftUpdateCheck = 1140;
				LastUpgradeCheck = 1020;
				ORGANIZATIONNAME = "Vinay Jain";
				TargetAttributes = {
					FECA8EB224705AC400B0B453 = {
						CreatedOnToolsVersion = 11.4;
					};
					FECA8EBD24705C1100B0B453 = {
						CreatedOnToolsVersion = 11.4;
					};
					FECA8EE424705D0E00B0B453 = {
						CreatedOnToolsVersion = 11.4;
					};
					FECA8EF124705DA500B0B453 = {
						CreatedOnToolsVersion = 11.4;
					};
				};
			};
			buildConfigurationList = FE6FC309228C739500391130 /* Build configuration list for PBXProject "Base" */;
			compatibilityVersion = "Xcode 9.3";
			developmentRegion = en;
			hasScannedForEncodings = 0;
			knownRegions = (
				en,
				Base,
			);
			mainGroup = FE6FC305228C739500391130;
			productRefGroup = FE6FC30F228C739500391130 /* Products */;
			projectDirPath = "";
			projectRoot = "";
			targets = (
				FECA8EB224705AC400B0B453 /* Stocks */,
				FECA8EBD24705C1100B0B453 /* StocksTests */,
				FECA8EE424705D0E00B0B453 /* StockResources */,
				FECA8EF124705DA500B0B453 /* Host */,
			);
		};
/* End PBXProject section */

/* Begin PBXResourcesBuildPhase section */
		FECA8EBC24705C1100B0B453 /* Resources */ = {
			isa = PBXResourcesBuildPhase;
			buildActionMask = 2147483647;
			files = (
				FECA8ECB24705C5600B0B453 /* search.json in Resources */,
			);
			runOnlyForDeploymentPostprocessing = 0;
		};
		FECA8EE324705D0E00B0B453 /* Resources */ = {
			isa = PBXResourcesBuildPhase;
			buildActionMask = 2147483647;
			files = (
				FECA8EEC24705D3D00B0B453 /* WatchlistViewController.xib in Resources */,
				FECA8EEB24705D3D00B0B453 /* StockCell.xib in Resources */,
				FECA8EED24705D3D00B0B453 /* SearchViewController.xib in Resources */,
			);
			runOnlyForDeploymentPostprocessing = 0;
		};
		FECA8EF024705DA500B0B453 /* Resources */ = {
			isa = PBXResourcesBuildPhase;
			buildActionMask = 2147483647;
			files = (
				FECA8F0124705DA600B0B453 /* LaunchScreen.storyboard in Resources */,
				FECA8EFE24705DA600B0B453 /* Assets.xcassets in Resources */,
			);
			runOnlyForDeploymentPostprocessing = 0;
		};
/* End PBXResourcesBuildPhase section */

/* Begin PBXShellScriptBuildPhase section */
		1226F5439F032CE8E351F262 /* [CP] Check Pods Manifest.lock */ = {
			isa = PBXShellScriptBuildPhase;
			buildActionMask = 2147483647;
			files = (
			);
			inputFileListPaths = (
			);
			inputPaths = (
				"${PODS_PODFILE_DIR_PATH}/Podfile.lock",
				"${PODS_ROOT}/Manifest.lock",
			);
			name = "[CP] Check Pods Manifest.lock";
			outputFileListPaths = (
			);
			outputPaths = (
				"$(DERIVED_FILE_DIR)/Pods-Stocks-StocksTests-checkManifestLockResult.txt",
			);
			runOnlyForDeploymentPostprocessing = 0;
			shellPath = /bin/sh;
			shellScript = "diff \"${PODS_PODFILE_DIR_PATH}/Podfile.lock\" \"${PODS_ROOT}/Manifest.lock\" > /dev/null\nif [ $? != 0 ] ; then\n    # print error to STDERR\n    echo \"error: The sandbox is not in sync with the Podfile.lock. Run 'pod install' or update your CocoaPods installation.\" >&2\n    exit 1\nfi\n# This output is used by Xcode 'outputs' to avoid re-running this script phase.\necho \"SUCCESS\" > \"${SCRIPT_OUTPUT_FILE_0}\"\n";
			showEnvVarsInLog = 0;
		};
		13E489A513FAD611CA6D8A50 /* [CP] Check Pods Manifest.lock */ = {
			isa = PBXShellScriptBuildPhase;
			buildActionMask = 2147483647;
			files = (
			);
			inputFileListPaths = (
			);
			inputPaths = (
				"${PODS_PODFILE_DIR_PATH}/Podfile.lock",
				"${PODS_ROOT}/Manifest.lock",
			);
			name = "[CP] Check Pods Manifest.lock";
			outputFileListPaths = (
			);
			outputPaths = (
				"$(DERIVED_FILE_DIR)/Pods-Stocks-checkManifestLockResult.txt",
			);
			runOnlyForDeploymentPostprocessing = 0;
			shellPath = /bin/sh;
			shellScript = "diff \"${PODS_PODFILE_DIR_PATH}/Podfile.lock\" \"${PODS_ROOT}/Manifest.lock\" > /dev/null\nif [ $? != 0 ] ; then\n    # print error to STDERR\n    echo \"error: The sandbox is not in sync with the Podfile.lock. Run 'pod install' or update your CocoaPods installation.\" >&2\n    exit 1\nfi\n# This output is used by Xcode 'outputs' to avoid re-running this script phase.\necho \"SUCCESS\" > \"${SCRIPT_OUTPUT_FILE_0}\"\n";
			showEnvVarsInLog = 0;
		};
		4D6E1472E3F415F1F06FBF88 /* [CP] Check Pods Manifest.lock */ = {
			isa = PBXShellScriptBuildPhase;
			buildActionMask = 2147483647;
			files = (
			);
			inputFileListPaths = (
			);
			inputPaths = (
				"${PODS_PODFILE_DIR_PATH}/Podfile.lock",
				"${PODS_ROOT}/Manifest.lock",
			);
			name = "[CP] Check Pods Manifest.lock";
			outputFileListPaths = (
			);
			outputPaths = (
				"$(DERIVED_FILE_DIR)/Pods-StockResources-checkManifestLockResult.txt",
			);
			runOnlyForDeploymentPostprocessing = 0;
			shellPath = /bin/sh;
			shellScript = "diff \"${PODS_PODFILE_DIR_PATH}/Podfile.lock\" \"${PODS_ROOT}/Manifest.lock\" > /dev/null\nif [ $? != 0 ] ; then\n    # print error to STDERR\n    echo \"error: The sandbox is not in sync with the Podfile.lock. Run 'pod install' or update your CocoaPods installation.\" >&2\n    exit 1\nfi\n# This output is used by Xcode 'outputs' to avoid re-running this script phase.\necho \"SUCCESS\" > \"${SCRIPT_OUTPUT_FILE_0}\"\n";
			showEnvVarsInLog = 0;
		};
		A985FF20AEA393C53120AF3D /* [CP] Embed Pods Frameworks */ = {
			isa = PBXShellScriptBuildPhase;
			buildActionMask = 2147483647;
			files = (
			);
			inputFileListPaths = (
				"${PODS_ROOT}/Target Support Files/Pods-Stocks-StocksTests/Pods-Stocks-StocksTests-frameworks-${CONFIGURATION}-input-files.xcfilelist",
			);
			name = "[CP] Embed Pods Frameworks";
			outputFileListPaths = (
				"${PODS_ROOT}/Target Support Files/Pods-Stocks-StocksTests/Pods-Stocks-StocksTests-frameworks-${CONFIGURATION}-output-files.xcfilelist",
			);
			runOnlyForDeploymentPostprocessing = 0;
			shellPath = /bin/sh;
			shellScript = "\"${PODS_ROOT}/Target Support Files/Pods-Stocks-StocksTests/Pods-Stocks-StocksTests-frameworks.sh\"\n";
			showEnvVarsInLog = 0;
		};
		EC1F60BAF16A97A0A0542AA8 /* [CP] Check Pods Manifest.lock */ = {
			isa = PBXShellScriptBuildPhase;
			buildActionMask = 2147483647;
			files = (
			);
			inputFileListPaths = (
			);
			inputPaths = (
				"${PODS_PODFILE_DIR_PATH}/Podfile.lock",
				"${PODS_ROOT}/Manifest.lock",
			);
			name = "[CP] Check Pods Manifest.lock";
			outputFileListPaths = (
			);
			outputPaths = (
				"$(DERIVED_FILE_DIR)/Pods-Host-checkManifestLockResult.txt",
			);
			runOnlyForDeploymentPostprocessing = 0;
			shellPath = /bin/sh;
			shellScript = "diff \"${PODS_PODFILE_DIR_PATH}/Podfile.lock\" \"${PODS_ROOT}/Manifest.lock\" > /dev/null\nif [ $? != 0 ] ; then\n    # print error to STDERR\n    echo \"error: The sandbox is not in sync with the Podfile.lock. Run 'pod install' or update your CocoaPods installation.\" >&2\n    exit 1\nfi\n# This output is used by Xcode 'outputs' to avoid re-running this script phase.\necho \"SUCCESS\" > \"${SCRIPT_OUTPUT_FILE_0}\"\n";
			showEnvVarsInLog = 0;
		};
/* End PBXShellScriptBuildPhase section */

/* Begin PBXSourcesBuildPhase section */
		FECA8EAF24705AC400B0B453 /* Sources */ = {
			isa = PBXSourcesBuildPhase;
			buildActionMask = 2147483647;
			files = (
				FECA8ECE24705C6F00B0B453 /* SearchViewController.swift in Sources */,
				FECA8EDD24705C7E00B0B453 /* Bundle.swift in Sources */,
				FECA8ECD24705C6F00B0B453 /* SearchPresenter.swift in Sources */,
				FECA8ED524705C7600B0B453 /* WatchlistInteractor.swift in Sources */,
				FECA8EDC24705C7E00B0B453 /* InteractorInterface.swift in Sources */,
				FECA8ED724705C7E00B0B453 /* BaseWireframe.swift in Sources */,
				FECA8ED124705C7600B0B453 /* StockCell.swift in Sources */,
				FECA8ECF24705C6F00B0B453 /* SearchInteractor.swift in Sources */,
				FECA8ED924705C7E00B0B453 /* UIStoryboardExtension.swift in Sources */,
				FECA8ECC24705C6F00B0B453 /* SearchInterfaces.swift in Sources */,
				FECA8ED224705C7600B0B453 /* WatchlistInterfaces.swift in Sources */,
				FECA8ED424705C7600B0B453 /* WatchlistViewController.swift in Sources */,
				FECA8EE024705C7E00B0B453 /* ServiceError.swift in Sources */,
				FECA8EDB24705C7E00B0B453 /* ViewInterface.swift in Sources */,
				FECA8ED324705C7600B0B453 /* WatchlistPresenter.swift in Sources */,
				FECA8ED824705C7E00B0B453 /* FormatterInterface.swift in Sources */,
				FECA8EDE24705C7E00B0B453 /* NetworkService.swift in Sources */,
				FECA8ED024705C6F00B0B453 /* SearchWireframe.swift in Sources */,
				FECA8ED624705C7600B0B453 /* WatchlistWireframe.swift in Sources */,
				FECA8EDF24705C7E00B0B453 /* Reachability.swift in Sources */,
				FECA8EDA24705C7E00B0B453 /* PresenterInterface.swift in Sources */,
			);
			runOnlyForDeploymentPostprocessing = 0;
		};
		FECA8EBA24705C1100B0B453 /* Sources */ = {
			isa = PBXSourcesBuildPhase;
			buildActionMask = 2147483647;
			files = (
				FECA8ECA24705C5300B0B453 /* SearchPresenterTests.swift in Sources */,
				FECA8EC924705C5000B0B453 /* Data+Addons.swift in Sources */,
			);
			runOnlyForDeploymentPostprocessing = 0;
		};
		FECA8EE124705D0E00B0B453 /* Sources */ = {
			isa = PBXSourcesBuildPhase;
			buildActionMask = 2147483647;
			files = (
			);
			runOnlyForDeploymentPostprocessing = 0;
		};
		FECA8EEE24705DA500B0B453 /* Sources */ = {
			isa = PBXSourcesBuildPhase;
			buildActionMask = 2147483647;
			files = (
				FECA8EF524705DA500B0B453 /* AppDelegate.swift in Sources */,
			);
			runOnlyForDeploymentPostprocessing = 0;
		};
/* End PBXSourcesBuildPhase section */

/* Begin PBXTargetDependency section */
		FECA8EC524705C1100B0B453 /* PBXTargetDependency */ = {
			isa = PBXTargetDependency;
			target = FECA8EB224705AC400B0B453 /* Stocks */;
			targetProxy = FECA8EC424705C1100B0B453 /* PBXContainerItemProxy */;
		};
		FECA8F1724705EB300B0B453 /* PBXTargetDependency */ = {
			isa = PBXTargetDependency;
			target = FECA8EE424705D0E00B0B453 /* StockResources */;
			targetProxy = FECA8F1624705EB300B0B453 /* PBXContainerItemProxy */;
		};
/* End PBXTargetDependency section */

/* Begin PBXVariantGroup section */
		FECA8EFF24705DA600B0B453 /* LaunchScreen.storyboard */ = {
			isa = PBXVariantGroup;
			children = (
				FECA8F0024705DA600B0B453 /* Base */,
			);
			name = LaunchScreen.storyboard;
			sourceTree = "<group>";
		};
/* End PBXVariantGroup section */

/* Begin XCBuildConfiguration section */
		FE6FC334228C739700391130 /* Debug */ = {
			isa = XCBuildConfiguration;
			buildSettings = {
				ALWAYS_SEARCH_USER_PATHS = NO;
				CLANG_ANALYZER_NONNULL = YES;
				CLANG_ANALYZER_NUMBER_OBJECT_CONVERSION = YES_AGGRESSIVE;
				CLANG_CXX_LANGUAGE_STANDARD = "gnu++14";
				CLANG_CXX_LIBRARY = "libc++";
				CLANG_ENABLE_MODULES = YES;
				CLANG_ENABLE_OBJC_ARC = YES;
				CLANG_ENABLE_OBJC_WEAK = YES;
				CLANG_WARN_BLOCK_CAPTURE_AUTORELEASING = YES;
				CLANG_WARN_BOOL_CONVERSION = YES;
				CLANG_WARN_COMMA = YES;
				CLANG_WARN_CONSTANT_CONVERSION = YES;
				CLANG_WARN_DEPRECATED_OBJC_IMPLEMENTATIONS = YES;
				CLANG_WARN_DIRECT_OBJC_ISA_USAGE = YES_ERROR;
				CLANG_WARN_DOCUMENTATION_COMMENTS = YES;
				CLANG_WARN_EMPTY_BODY = YES;
				CLANG_WARN_ENUM_CONVERSION = YES;
				CLANG_WARN_INFINITE_RECURSION = YES;
				CLANG_WARN_INT_CONVERSION = YES;
				CLANG_WARN_NON_LITERAL_NULL_CONVERSION = YES;
				CLANG_WARN_OBJC_IMPLICIT_RETAIN_SELF = YES;
				CLANG_WARN_OBJC_LITERAL_CONVERSION = YES;
				CLANG_WARN_OBJC_ROOT_CLASS = YES_ERROR;
				CLANG_WARN_RANGE_LOOP_ANALYSIS = YES;
				CLANG_WARN_STRICT_PROTOTYPES = YES;
				CLANG_WARN_SUSPICIOUS_MOVE = YES;
				CLANG_WARN_UNGUARDED_AVAILABILITY = YES_AGGRESSIVE;
				CLANG_WARN_UNREACHABLE_CODE = YES;
				CLANG_WARN__DUPLICATE_METHOD_MATCH = YES;
				CODE_SIGN_IDENTITY = "iPhone Developer";
				COPY_PHASE_STRIP = NO;
				DEBUG_INFORMATION_FORMAT = dwarf;
				ENABLE_STRICT_OBJC_MSGSEND = YES;
				ENABLE_TESTABILITY = YES;
				GCC_C_LANGUAGE_STANDARD = gnu11;
				GCC_DYNAMIC_NO_PIC = NO;
				GCC_NO_COMMON_BLOCKS = YES;
				GCC_OPTIMIZATION_LEVEL = 0;
				GCC_PREPROCESSOR_DEFINITIONS = (
					"DEBUG=1",
					"$(inherited)",
				);
				GCC_WARN_64_TO_32_BIT_CONVERSION = YES;
				GCC_WARN_ABOUT_RETURN_TYPE = YES_ERROR;
				GCC_WARN_UNDECLARED_SELECTOR = YES;
				GCC_WARN_UNINITIALIZED_AUTOS = YES_AGGRESSIVE;
				GCC_WARN_UNUSED_FUNCTION = YES;
				GCC_WARN_UNUSED_VARIABLE = YES;
				IPHONEOS_DEPLOYMENT_TARGET = 11.0;
				MTL_ENABLE_DEBUG_INFO = INCLUDE_SOURCE;
				MTL_FAST_MATH = YES;
				ONLY_ACTIVE_ARCH = YES;
				SDKROOT = iphoneos;
				SWIFT_ACTIVE_COMPILATION_CONDITIONS = DEBUG;
				SWIFT_OPTIMIZATION_LEVEL = "-Onone";
			};
			name = Debug;
		};
		FE6FC335228C739700391130 /* Release */ = {
			isa = XCBuildConfiguration;
			buildSettings = {
				ALWAYS_SEARCH_USER_PATHS = NO;
				CLANG_ANALYZER_NONNULL = YES;
				CLANG_ANALYZER_NUMBER_OBJECT_CONVERSION = YES_AGGRESSIVE;
				CLANG_CXX_LANGUAGE_STANDARD = "gnu++14";
				CLANG_CXX_LIBRARY = "libc++";
				CLANG_ENABLE_MODULES = YES;
				CLANG_ENABLE_OBJC_ARC = YES;
				CLANG_ENABLE_OBJC_WEAK = YES;
				CLANG_WARN_BLOCK_CAPTURE_AUTORELEASING = YES;
				CLANG_WARN_BOOL_CONVERSION = YES;
				CLANG_WARN_COMMA = YES;
				CLANG_WARN_CONSTANT_CONVERSION = YES;
				CLANG_WARN_DEPRECATED_OBJC_IMPLEMENTATIONS = YES;
				CLANG_WARN_DIRECT_OBJC_ISA_USAGE = YES_ERROR;
				CLANG_WARN_DOCUMENTATION_COMMENTS = YES;
				CLANG_WARN_EMPTY_BODY = YES;
				CLANG_WARN_ENUM_CONVERSION = YES;
				CLANG_WARN_INFINITE_RECURSION = YES;
				CLANG_WARN_INT_CONVERSION = YES;
				CLANG_WARN_NON_LITERAL_NULL_CONVERSION = YES;
				CLANG_WARN_OBJC_IMPLICIT_RETAIN_SELF = YES;
				CLANG_WARN_OBJC_LITERAL_CONVERSION = YES;
				CLANG_WARN_OBJC_ROOT_CLASS = YES_ERROR;
				CLANG_WARN_RANGE_LOOP_ANALYSIS = YES;
				CLANG_WARN_STRICT_PROTOTYPES = YES;
				CLANG_WARN_SUSPICIOUS_MOVE = YES;
				CLANG_WARN_UNGUARDED_AVAILABILITY = YES_AGGRESSIVE;
				CLANG_WARN_UNREACHABLE_CODE = YES;
				CLANG_WARN__DUPLICATE_METHOD_MATCH = YES;
				CODE_SIGN_IDENTITY = "iPhone Developer";
				COPY_PHASE_STRIP = NO;
				DEBUG_INFORMATION_FORMAT = "dwarf-with-dsym";
				ENABLE_NS_ASSERTIONS = NO;
				ENABLE_STRICT_OBJC_MSGSEND = YES;
				GCC_C_LANGUAGE_STANDARD = gnu11;
				GCC_NO_COMMON_BLOCKS = YES;
				GCC_WARN_64_TO_32_BIT_CONVERSION = YES;
				GCC_WARN_ABOUT_RETURN_TYPE = YES_ERROR;
				GCC_WARN_UNDECLARED_SELECTOR = YES;
				GCC_WARN_UNINITIALIZED_AUTOS = YES_AGGRESSIVE;
				GCC_WARN_UNUSED_FUNCTION = YES;
				GCC_WARN_UNUSED_VARIABLE = YES;
				IPHONEOS_DEPLOYMENT_TARGET = 11.0;
				MTL_ENABLE_DEBUG_INFO = NO;
				MTL_FAST_MATH = YES;
				SDKROOT = iphoneos;
				SWIFT_COMPILATION_MODE = wholemodule;
				SWIFT_OPTIMIZATION_LEVEL = "-O";
				VALIDATE_PRODUCT = YES;
			};
			name = Release;
		};
		FECA8EB824705AC400B0B453 /* Debug */ = {
			isa = XCBuildConfiguration;
			baseConfigurationReference = E755513E99E24AB1ECD251F2 /* Pods-Stocks.debug.xcconfig */;
			buildSettings = {
				CODE_SIGN_STYLE = Automatic;
				DEVELOPMENT_TEAM = FC224894XG;
				IPHONEOS_DEPLOYMENT_TARGET = 13.4;
				OTHER_LDFLAGS = (
					"$(inherited)",
					"-framework",
					"\"QuartzCore\"",
					"-framework",
					"\"SVProgressHUD\"",
					"-framework",
					"\"Contracts\"",
				);
				PRODUCT_NAME = "$(TARGET_NAME)";
				SKIP_INSTALL = YES;
				SWIFT_VERSION = 5.0;
				TARGETED_DEVICE_FAMILY = "1,2";
			};
			name = Debug;
		};
		FECA8EB924705AC400B0B453 /* Release */ = {
			isa = XCBuildConfiguration;
			baseConfigurationReference = A2684902E07CB946CDE297B4 /* Pods-Stocks.release.xcconfig */;
			buildSettings = {
				CODE_SIGN_STYLE = Automatic;
				DEVELOPMENT_TEAM = FC224894XG;
				IPHONEOS_DEPLOYMENT_TARGET = 13.4;
				OTHER_LDFLAGS = (
					"$(inherited)",
					"-framework",
					"\"QuartzCore\"",
					"-framework",
					"\"SVProgressHUD\"",
					"-framework",
					"\"Contracts\"",
				);
				PRODUCT_NAME = "$(TARGET_NAME)";
				SKIP_INSTALL = YES;
				SWIFT_VERSION = 5.0;
				TARGETED_DEVICE_FAMILY = "1,2";
			};
			name = Release;
		};
		FECA8EC724705C1100B0B453 /* Debug */ = {
			isa = XCBuildConfiguration;
			baseConfigurationReference = 204E373798CD06F977F64A6C /* Pods-Stocks-StocksTests.debug.xcconfig */;
			buildSettings = {
				ALWAYS_EMBED_SWIFT_STANDARD_LIBRARIES = YES;
				CODE_SIGN_STYLE = Automatic;
				DEVELOPMENT_TEAM = FC224894XG;
				INFOPLIST_FILE = StocksTests/Info.plist;
				IPHONEOS_DEPLOYMENT_TARGET = 13.4;
				LD_RUNPATH_SEARCH_PATHS = (
					"$(inherited)",
					"@executable_path/Frameworks",
					"@loader_path/Frameworks",
				);
				PRODUCT_BUNDLE_IDENTIFIER = me.vinayjain.StocksTests;
				PRODUCT_NAME = "$(TARGET_NAME)";
				SWIFT_VERSION = 5.0;
				TARGETED_DEVICE_FAMILY = "1,2";
			};
			name = Debug;
		};
		FECA8EC824705C1100B0B453 /* Release */ = {
			isa = XCBuildConfiguration;
			baseConfigurationReference = E7C1202D20A7357F005D146D /* Pods-Stocks-StocksTests.release.xcconfig */;
			buildSettings = {
				ALWAYS_EMBED_SWIFT_STANDARD_LIBRARIES = YES;
				CODE_SIGN_STYLE = Automatic;
				DEVELOPMENT_TEAM = FC224894XG;
				INFOPLIST_FILE = StocksTests/Info.plist;
				IPHONEOS_DEPLOYMENT_TARGET = 13.4;
				LD_RUNPATH_SEARCH_PATHS = (
					"$(inherited)",
					"@executable_path/Frameworks",
					"@loader_path/Frameworks",
				);
				PRODUCT_BUNDLE_IDENTIFIER = me.vinayjain.StocksTests;
				PRODUCT_NAME = "$(TARGET_NAME)";
				SWIFT_VERSION = 5.0;
				TARGETED_DEVICE_FAMILY = "1,2";
			};
			name = Release;
		};
		FECA8EE924705D0E00B0B453 /* Debug */ = {
			isa = XCBuildConfiguration;
			baseConfigurationReference = 53FB1F24E76B13051EC56CAE /* Pods-StockResources.debug.xcconfig */;
			buildSettings = {
				CODE_SIGN_STYLE = Automatic;
				COMBINE_HIDPI_IMAGES = YES;
				DEVELOPMENT_TEAM = FC224894XG;
				INFOPLIST_FILE = StockResources/Info.plist;
				INSTALL_PATH = "$(LOCAL_LIBRARY_DIR)/Bundles";
				PRODUCT_BUNDLE_IDENTIFIER = me.vinayjain.StockResources;
				PRODUCT_NAME = "$(TARGET_NAME)";
				SDKROOT = iphoneos;
				SKIP_INSTALL = YES;
				SUPPORTED_PLATFORMS = "iphonesimulator iphoneos";
				WRAPPER_EXTENSION = bundle;
			};
			name = Debug;
		};
		FECA8EEA24705D0E00B0B453 /* Release */ = {
			isa = XCBuildConfiguration;
			baseConfigurationReference = 8F509E0E1EB1414EA3B5301E /* Pods-StockResources.release.xcconfig */;
			buildSettings = {
				CODE_SIGN_STYLE = Automatic;
				COMBINE_HIDPI_IMAGES = YES;
				DEVELOPMENT_TEAM = FC224894XG;
				INFOPLIST_FILE = StockResources/Info.plist;
				INSTALL_PATH = "$(LOCAL_LIBRARY_DIR)/Bundles";
				PRODUCT_BUNDLE_IDENTIFIER = me.vinayjain.StockResources;
				PRODUCT_NAME = "$(TARGET_NAME)";
				SDKROOT = iphoneos;
				SKIP_INSTALL = YES;
				SUPPORTED_PLATFORMS = "iphonesimulator iphoneos";
				WRAPPER_EXTENSION = bundle;
			};
			name = Release;
		};
		FECA8F0F24705DA600B0B453 /* Debug */ = {
			isa = XCBuildConfiguration;
			baseConfigurationReference = 2A6906D26DECC7B4866781C8 /* Pods-Host.debug.xcconfig */;
			buildSettings = {
				ASSETCATALOG_COMPILER_APPICON_NAME = AppIcon;
				CODE_SIGN_STYLE = Automatic;
				DEVELOPMENT_TEAM = FC224894XG;
				INFOPLIST_FILE = Host/Info.plist;
				IPHONEOS_DEPLOYMENT_TARGET = 13.4;
				LD_RUNPATH_SEARCH_PATHS = (
					"$(inherited)",
					"@executable_path/Frameworks",
				);
				OTHER_LDFLAGS = "-l\"Stocks\"";
				PRODUCT_BUNDLE_IDENTIFIER = me.vinayjain.Host;
				PRODUCT_NAME = "$(TARGET_NAME)";
				SWIFT_VERSION = 5.0;
				TARGETED_DEVICE_FAMILY = "1,2";
			};
			name = Debug;
		};
		FECA8F1024705DA600B0B453 /* Release */ = {
			isa = XCBuildConfiguration;
			baseConfigurationReference = 626D3A5436F61D60A0B858FC /* Pods-Host.release.xcconfig */;
			buildSettings = {
				ASSETCATALOG_COMPILER_APPICON_NAME = AppIcon;
				CODE_SIGN_STYLE = Automatic;
				DEVELOPMENT_TEAM = FC224894XG;
				INFOPLIST_FILE = Host/Info.plist;
				IPHONEOS_DEPLOYMENT_TARGET = 13.4;
				LD_RUNPATH_SEARCH_PATHS = (
					"$(inherited)",
					"@executable_path/Frameworks",
				);
				OTHER_LDFLAGS = "-l\"Stocks\"";
				PRODUCT_BUNDLE_IDENTIFIER = me.vinayjain.Host;
				PRODUCT_NAME = "$(TARGET_NAME)";
				SWIFT_VERSION = 5.0;
				TARGETED_DEVICE_FAMILY = "1,2";
			};
			name = Release;
		};
/* End XCBuildConfiguration section */

/* Begin XCConfigurationList section */
		FE6FC309228C739500391130 /* Build configuration list for PBXProject "Base" */ = {
			isa = XCConfigurationList;
			buildConfigurations = (
				FE6FC334228C739700391130 /* Debug */,
				FE6FC335228C739700391130 /* Release */,
			);
			defaultConfigurationIsVisible = 0;
			defaultConfigurationName = Release;
		};
		FECA8EB724705AC400B0B453 /* Build configuration list for PBXNativeTarget "Stocks" */ = {
			isa = XCConfigurationList;
			buildConfigurations = (
				FECA8EB824705AC400B0B453 /* Debug */,
				FECA8EB924705AC400B0B453 /* Release */,
			);
			defaultConfigurationIsVisible = 0;
			defaultConfigurationName = Release;
		};
		FECA8EC624705C1100B0B453 /* Build configuration list for PBXNativeTarget "StocksTests" */ = {
			isa = XCConfigurationList;
			buildConfigurations = (
				FECA8EC724705C1100B0B453 /* Debug */,
				FECA8EC824705C1100B0B453 /* Release */,
			);
			defaultConfigurationIsVisible = 0;
			defaultConfigurationName = Release;
		};
		FECA8EE824705D0E00B0B453 /* Build configuration list for PBXNativeTarget "StockResources" */ = {
			isa = XCConfigurationList;
			buildConfigurations = (
				FECA8EE924705D0E00B0B453 /* Debug */,
				FECA8EEA24705D0E00B0B453 /* Release */,
			);
			defaultConfigurationIsVisible = 0;
			defaultConfigurationName = Release;
		};
		FECA8F0E24705DA600B0B453 /* Build configuration list for PBXNativeTarget "Host" */ = {
			isa = XCConfigurationList;
			buildConfigurations = (
				FECA8F0F24705DA600B0B453 /* Debug */,
				FECA8F1024705DA600B0B453 /* Release */,
			);
			defaultConfigurationIsVisible = 0;
			defaultConfigurationName = Release;
		};
/* End XCConfigurationList section */
	};
	rootObject = FE6FC306228C739500391130 /* Project object */;
}
