// !$*UTF8*$!
{
	archiveVersion = 1;
	classes = {
	};
	objectVersion = 51;
	objects = {

/* Begin PBXBuildFile section */
		B221789725F1B3F541A56D47 /* Pods_MyStocks.framework in Frameworks */ = {isa = PBXBuildFile; fileRef = 829EAA4F3406158E1011F943 /* Pods_MyStocks.framework */; };
		FE6FC347228C74B200391130 /* AppDelegate.swift in Sources */ = {isa = PBXBuildFile; fileRef = FE6FC340228C74B200391130 /* AppDelegate.swift */; };
		FE6FC349228C74B200391130 /* Assets.xcassets in Resources */ = {isa = PBXBuildFile; fileRef = FE6FC343228C74B200391130 /* Assets.xcassets */; };
		FE6FC34F228C74F400391130 /* LaunchScreen.storyboard in Resources */ = {isa = PBXBuildFile; fileRef = FE6FC34B228C74F400391130 /* LaunchScreen.storyboard */; };
		FE6FC350228C74F400391130 /* Main.storyboard in Resources */ = {isa = PBXBuildFile; fileRef = FE6FC34D228C74F400391130 /* Main.storyboard */; };
		FE6FC353228C774C00391130 /* RootWireFrame.swift in Sources */ = {isa = PBXBuildFile; fileRef = FE6FC352228C774C00391130 /* RootWireFrame.swift */; };
		FE71F121228C9C8D00982049 /* SearchInteractor.swift in Sources */ = {isa = PBXBuildFile; fileRef = FE71F120228C9C8D00982049 /* SearchInteractor.swift */; };
		FE71F124228D64F800982049 /* SearchViewController.swift in Sources */ = {isa = PBXBuildFile; fileRef = FE71F122228D64F800982049 /* SearchViewController.swift */; };
		FE71F125228D64F800982049 /* SearchViewController.xib in Resources */ = {isa = PBXBuildFile; fileRef = FE71F123228D64F800982049 /* SearchViewController.xib */; };
		FE71F128228D85F200982049 /* NetworkService.swift in Sources */ = {isa = PBXBuildFile; fileRef = FE71F127228D85F200982049 /* NetworkService.swift */; };
		FE71F12A228D88A700982049 /* ServiceError.swift in Sources */ = {isa = PBXBuildFile; fileRef = FE71F129228D88A700982049 /* ServiceError.swift */; };
		FE71F12C228D88C500982049 /* Reachability.swift in Sources */ = {isa = PBXBuildFile; fileRef = FE71F12B228D88C500982049 /* Reachability.swift */; };
		FE71F130228DA7C200982049 /* SearchWireframe.swift in Sources */ = {isa = PBXBuildFile; fileRef = FE71F12F228DA7C200982049 /* SearchWireframe.swift */; };
		FEE0A8B6228F4EC1004353F1 /* SearchPresenter.swift in Sources */ = {isa = PBXBuildFile; fileRef = FEE0A8B5228F4EC1004353F1 /* SearchPresenter.swift */; };
		FEE1C1F8233B780700E95CE2 /* Contracts.framework in Frameworks */ = {isa = PBXBuildFile; fileRef = FEE1C1F7233B780700E95CE2 /* Contracts.framework */; };
		FEE1C1F9233B780700E95CE2 /* Contracts.framework in Embed Frameworks */ = {isa = PBXBuildFile; fileRef = FEE1C1F7233B780700E95CE2 /* Contracts.framework */; settings = {ATTRIBUTES = (CodeSignOnCopy, RemoveHeadersOnCopy, ); }; };
/* End PBXBuildFile section */

/* Begin PBXCopyFilesBuildPhase section */
		FEE1C1FA233B780700E95CE2 /* Embed Frameworks */ = {
			isa = PBXCopyFilesBuildPhase;
			buildActionMask = 2147483647;
			dstPath = "";
			dstSubfolderSpec = 10;
			files = (
				FEE1C1F9233B780700E95CE2 /* Contracts.framework in Embed Frameworks */,
			);
			name = "Embed Frameworks";
			runOnlyForDeploymentPostprocessing = 0;
		};
/* End PBXCopyFilesBuildPhase section */

/* Begin PBXFileReference section */
		2836D68A2CE17CF469C06D5A /* Pods-MyStocksUITests.debug.xcconfig */ = {isa = PBXFileReference; includeInIndex = 1; lastKnownFileType = text.xcconfig; name = "Pods-MyStocksUITests.debug.xcconfig"; path = "Target Support Files/Pods-MyStocksUITests/Pods-MyStocksUITests.debug.xcconfig"; sourceTree = "<group>"; };
		7C29F7F928D1BD4899006AA9 /* Pods-MyStocks.release.xcconfig */ = {isa = PBXFileReference; includeInIndex = 1; lastKnownFileType = text.xcconfig; name = "Pods-MyStocks.release.xcconfig"; path = "Target Support Files/Pods-MyStocks/Pods-MyStocks.release.xcconfig"; sourceTree = "<group>"; };
		829EAA4F3406158E1011F943 /* Pods_MyStocks.framework */ = {isa = PBXFileReference; explicitFileType = wrapper.framework; includeInIndex = 0; path = Pods_MyStocks.framework; sourceTree = BUILT_PRODUCTS_DIR; };
		9AD6C36234A33F2BB9D3ADCC /* Pods-MyStocks.debug.xcconfig */ = {isa = PBXFileReference; includeInIndex = 1; lastKnownFileType = text.xcconfig; name = "Pods-MyStocks.debug.xcconfig"; path = "Target Support Files/Pods-MyStocks/Pods-MyStocks.debug.xcconfig"; sourceTree = "<group>"; };
		A6A002B181466A87BBD498C2 /* Pods-MyStocksTests.release.xcconfig */ = {isa = PBXFileReference; includeInIndex = 1; lastKnownFileType = text.xcconfig; name = "Pods-MyStocksTests.release.xcconfig"; path = "Target Support Files/Pods-MyStocksTests/Pods-MyStocksTests.release.xcconfig"; sourceTree = "<group>"; };
		A767DBEA1F451B115EF0DA73 /* Pods-MyStocksTests.debug.xcconfig */ = {isa = PBXFileReference; includeInIndex = 1; lastKnownFileType = text.xcconfig; name = "Pods-MyStocksTests.debug.xcconfig"; path = "Target Support Files/Pods-MyStocksTests/Pods-MyStocksTests.debug.xcconfig"; sourceTree = "<group>"; };
		BD99FE48E118B32FF82DDDC0 /* Pods-MyStocksUITests.release.xcconfig */ = {isa = PBXFileReference; includeInIndex = 1; lastKnownFileType = text.xcconfig; name = "Pods-MyStocksUITests.release.xcconfig"; path = "Target Support Files/Pods-MyStocksUITests/Pods-MyStocksUITests.release.xcconfig"; sourceTree = "<group>"; };
		FE6FC30E228C739500391130 /* MyStocks.app */ = {isa = PBXFileReference; explicitFileType = wrapper.application; includeInIndex = 0; path = MyStocks.app; sourceTree = BUILT_PRODUCTS_DIR; };
		FE6FC340228C74B200391130 /* AppDelegate.swift */ = {isa = PBXFileReference; fileEncoding = 4; lastKnownFileType = sourcecode.swift; path = AppDelegate.swift; sourceTree = "<group>"; };
		FE6FC341228C74B200391130 /* Info.plist */ = {isa = PBXFileReference; fileEncoding = 4; lastKnownFileType = text.plist.xml; path = Info.plist; sourceTree = "<group>"; };
		FE6FC343228C74B200391130 /* Assets.xcassets */ = {isa = PBXFileReference; lastKnownFileType = folder.assetcatalog; path = Assets.xcassets; sourceTree = "<group>"; };
		FE6FC34C228C74F400391130 /* Base */ = {isa = PBXFileReference; lastKnownFileType = file.storyboard; name = Base; path = LaunchScreen.storyboard; sourceTree = "<group>"; };
		FE6FC34E228C74F400391130 /* Base */ = {isa = PBXFileReference; lastKnownFileType = file.storyboard; name = Base; path = Main.storyboard; sourceTree = "<group>"; };
		FE6FC352228C774C00391130 /* RootWireFrame.swift */ = {isa = PBXFileReference; lastKnownFileType = sourcecode.swift; path = RootWireFrame.swift; sourceTree = "<group>"; };
		FE71F120228C9C8D00982049 /* SearchInteractor.swift */ = {isa = PBXFileReference; lastKnownFileType = sourcecode.swift; path = SearchInteractor.swift; sourceTree = "<group>"; };
		FE71F122228D64F800982049 /* SearchViewController.swift */ = {isa = PBXFileReference; lastKnownFileType = sourcecode.swift; path = SearchViewController.swift; sourceTree = "<group>"; };
		FE71F123228D64F800982049 /* SearchViewController.xib */ = {isa = PBXFileReference; lastKnownFileType = file.xib; path = SearchViewController.xib; sourceTree = "<group>"; };
		FE71F127228D85F200982049 /* NetworkService.swift */ = {isa = PBXFileReference; lastKnownFileType = sourcecode.swift; path = NetworkService.swift; sourceTree = "<group>"; };
		FE71F129228D88A700982049 /* ServiceError.swift */ = {isa = PBXFileReference; lastKnownFileType = sourcecode.swift; path = ServiceError.swift; sourceTree = "<group>"; };
		FE71F12B228D88C500982049 /* Reachability.swift */ = {isa = PBXFileReference; lastKnownFileType = sourcecode.swift; path = Reachability.swift; sourceTree = "<group>"; };
		FE71F12F228DA7C200982049 /* SearchWireframe.swift */ = {isa = PBXFileReference; lastKnownFileType = sourcecode.swift; path = SearchWireframe.swift; sourceTree = "<group>"; };
		FEE0A8B5228F4EC1004353F1 /* SearchPresenter.swift */ = {isa = PBXFileReference; lastKnownFileType = sourcecode.swift; path = SearchPresenter.swift; sourceTree = "<group>"; };
		FEE1C1F7233B780700E95CE2 /* Contracts.framework */ = {isa = PBXFileReference; explicitFileType = wrapper.framework; path = Contracts.framework; sourceTree = BUILT_PRODUCTS_DIR; };
/* End PBXFileReference section */

/* Begin PBXFrameworksBuildPhase section */
		FE6FC30B228C739500391130 /* Frameworks */ = {
			isa = PBXFrameworksBuildPhase;
			buildActionMask = 2147483647;
			files = (
				FEE1C1F8233B780700E95CE2 /* Contracts.framework in Frameworks */,
				B221789725F1B3F541A56D47 /* Pods_MyStocks.framework in Frameworks */,
			);
			runOnlyForDeploymentPostprocessing = 0;
		};
/* End PBXFrameworksBuildPhase section */

/* Begin PBXGroup section */
		78045E73CC13F2CDB2DDF06E /* Pods */ = {
			isa = PBXGroup;
			children = (
				9AD6C36234A33F2BB9D3ADCC /* Pods-MyStocks.debug.xcconfig */,
				7C29F7F928D1BD4899006AA9 /* Pods-MyStocks.release.xcconfig */,
				A767DBEA1F451B115EF0DA73 /* Pods-MyStocksTests.debug.xcconfig */,
				A6A002B181466A87BBD498C2 /* Pods-MyStocksTests.release.xcconfig */,
				2836D68A2CE17CF469C06D5A /* Pods-MyStocksUITests.debug.xcconfig */,
				BD99FE48E118B32FF82DDDC0 /* Pods-MyStocksUITests.release.xcconfig */,
			);
			path = Pods;
			sourceTree = "<group>";
		};
		C15C8EDF11471A6EC96ABB62 /* Frameworks */ = {
			isa = PBXGroup;
			children = (
				FEE1C1F7233B780700E95CE2 /* Contracts.framework */,
				829EAA4F3406158E1011F943 /* Pods_MyStocks.framework */,
			);
			name = Frameworks;
			sourceTree = "<group>";
		};
		FE6FC305228C739500391130 = {
			isa = PBXGroup;
			children = (
				FE6FC310228C739500391130 /* MyStocks */,
				FE6FC30F228C739500391130 /* Products */,
				78045E73CC13F2CDB2DDF06E /* Pods */,
				C15C8EDF11471A6EC96ABB62 /* Frameworks */,
			);
			sourceTree = "<group>";
		};
		FE6FC30F228C739500391130 /* Products */ = {
			isa = PBXGroup;
			children = (
				FE6FC30E228C739500391130 /* MyStocks.app */,
			);
			name = Products;
			sourceTree = "<group>";
		};
		FE6FC310228C739500391130 /* MyStocks */ = {
			isa = PBXGroup;
			children = (
				FE6FC342228C74B200391130 /* Resources */,
				FE6FC344228C74B200391130 /* Source */,
				FE6FC33F228C74B200391130 /* SupportFiles */,
			);
			path = MyStocks;
			sourceTree = "<group>";
		};
		FE6FC33F228C74B200391130 /* SupportFiles */ = {
			isa = PBXGroup;
			children = (
				FE6FC340228C74B200391130 /* AppDelegate.swift */,
				FE6FC341228C74B200391130 /* Info.plist */,
			);
			path = SupportFiles;
			sourceTree = "<group>";
		};
		FE6FC342228C74B200391130 /* Resources */ = {
			isa = PBXGroup;
			children = (
				FE6FC343228C74B200391130 /* Assets.xcassets */,
			);
			path = Resources;
			sourceTree = "<group>";
		};
		FE6FC344228C74B200391130 /* Source */ = {
			isa = PBXGroup;
			children = (
				FE6FC34A228C74F400391130 /* Base.lproj */,
				FE6FC345228C74B200391130 /* Common */,
				FE6FC346228C74B200391130 /* Modules */,
			);
			path = Source;
			sourceTree = "<group>";
		};
		FE6FC345228C74B200391130 /* Common */ = {
			isa = PBXGroup;
			children = (
				FE71F126228D85DF00982049 /* Network */,
				FE6FC351228C772A00391130 /* View */,
			);
			path = Common;
			sourceTree = "<group>";
		};
		FE6FC346228C74B200391130 /* Modules */ = {
			isa = PBXGroup;
			children = (
				FE71F11F228C9C7900982049 /* Search */,
			);
			path = Modules;
			sourceTree = "<group>";
		};
		FE6FC34A228C74F400391130 /* Base.lproj */ = {
			isa = PBXGroup;
			children = (
				FE6FC34B228C74F400391130 /* LaunchScreen.storyboard */,
				FE6FC34D228C74F400391130 /* Main.storyboard */,
			);
			path = Base.lproj;
			sourceTree = "<group>";
		};
		FE6FC351228C772A00391130 /* View */ = {
			isa = PBXGroup;
			children = (
				FE6FC352228C774C00391130 /* RootWireFrame.swift */,
			);
			path = View;
			sourceTree = "<group>";
		};
		FE71F11F228C9C7900982049 /* Search */ = {
			isa = PBXGroup;
			children = (
				FE71F120228C9C8D00982049 /* SearchInteractor.swift */,
				FEE0A8B5228F4EC1004353F1 /* SearchPresenter.swift */,
				FE71F122228D64F800982049 /* SearchViewController.swift */,
				FE71F123228D64F800982049 /* SearchViewController.xib */,
				FE71F12F228DA7C200982049 /* SearchWireframe.swift */,
			);
			path = Search;
			sourceTree = "<group>";
		};
		FE71F126228D85DF00982049 /* Network */ = {
			isa = PBXGroup;
			children = (
				FE71F127228D85F200982049 /* NetworkService.swift */,
				FE71F12B228D88C500982049 /* Reachability.swift */,
				FE71F129228D88A700982049 /* ServiceError.swift */,
			);
			path = Network;
			sourceTree = "<group>";
		};
/* End PBXGroup section */

/* Begin PBXNativeTarget section */
		FE6FC30D228C739500391130 /* MyStocks */ = {
			isa = PBXNativeTarget;
			buildConfigurationList = FE6FC336228C739700391130 /* Build configuration list for PBXNativeTarget "MyStocks" */;
			buildPhases = (
				EF791B31B1BCF03D60E4C139 /* [CP] Check Pods Manifest.lock */,
				FE6FC30A228C739500391130 /* Sources */,
				FE6FC30B228C739500391130 /* Frameworks */,
				FE6FC30C228C739500391130 /* Resources */,
				1E6322593B38496AD1761F9C /* [CP] Embed Pods Frameworks */,
				FEE1C1FA233B780700E95CE2 /* Embed Frameworks */,
			);
			buildRules = (
			);
			dependencies = (
			);
			name = MyStocks;
			productName = MyStocks;
			productReference = FE6FC30E228C739500391130 /* MyStocks.app */;
			productType = "com.apple.product-type.application";
		};
/* End PBXNativeTarget section */

/* Begin PBXProject section */
		FE6FC306228C739500391130 /* Project object */ = {
			isa = PBXProject;
			attributes = {
				LastSwiftUpdateCheck = 1020;
				LastUpgradeCheck = 1020;
				ORGANIZATIONNAME = "Vinay Jain";
				TargetAttributes = {
					FE6FC30D228C739500391130 = {
						CreatedOnToolsVersion = 10.2.1;
					};
				};
			};
			buildConfigurationList = FE6FC309228C739500391130 /* Build configuration list for PBXProject "MyStocks" */;
			compatibilityVersion = "Xcode 9.3";
			developmentRegion = en;
			hasScannedForEncodings = 0;
			knownRegions = (
				en,
				Base,
			);
			mainGroup = FE6FC305228C739500391130;
			productRefGroup = FE6FC30F228C739500391130 /* Products */;
			projectDirPath = "";
			projectRoot = "";
			targets = (
				FE6FC30D228C739500391130 /* MyStocks */,
			);
		};
/* End PBXProject section */

/* Begin PBXResourcesBuildPhase section */
		FE6FC30C228C739500391130 /* Resources */ = {
			isa = PBXResourcesBuildPhase;
			buildActionMask = 2147483647;
			files = (
				FE6FC34F228C74F400391130 /* LaunchScreen.storyboard in Resources */,
				FE6FC349228C74B200391130 /* Assets.xcassets in Resources */,
				FE6FC350228C74F400391130 /* Main.storyboard in Resources */,
				FE71F125228D64F800982049 /* SearchViewController.xib in Resources */,
			);
			runOnlyForDeploymentPostprocessing = 0;
		};
/* End PBXResourcesBuildPhase section */

/* Begin PBXShellScriptBuildPhase section */
		1E6322593B38496AD1761F9C /* [CP] Embed Pods Frameworks */ = {
			isa = PBXShellScriptBuildPhase;
			buildActionMask = 2147483647;
			files = (
			);
			inputFileListPaths = (
				"${PODS_ROOT}/Target Support Files/Pods-MyStocks/Pods-MyStocks-frameworks-${CONFIGURATION}-input-files.xcfilelist",
			);
			name = "[CP] Embed Pods Frameworks";
			outputFileListPaths = (
				"${PODS_ROOT}/Target Support Files/Pods-MyStocks/Pods-MyStocks-frameworks-${CONFIGURATION}-output-files.xcfilelist",
			);
			runOnlyForDeploymentPostprocessing = 0;
			shellPath = /bin/sh;
			shellScript = "\"${PODS_ROOT}/Target Support Files/Pods-MyStocks/Pods-MyStocks-frameworks.sh\"\n";
			showEnvVarsInLog = 0;
		};
		EF791B31B1BCF03D60E4C139 /* [CP] Check Pods Manifest.lock */ = {
			isa = PBXShellScriptBuildPhase;
			buildActionMask = 2147483647;
			files = (
			);
			inputFileListPaths = (
			);
			inputPaths = (
				"${PODS_PODFILE_DIR_PATH}/Podfile.lock",
				"${PODS_ROOT}/Manifest.lock",
			);
			name = "[CP] Check Pods Manifest.lock";
			outputFileListPaths = (
			);
			outputPaths = (
				"$(DERIVED_FILE_DIR)/Pods-MyStocks-checkManifestLockResult.txt",
			);
			runOnlyForDeploymentPostprocessing = 0;
			shellPath = /bin/sh;
			shellScript = "diff \"${PODS_PODFILE_DIR_PATH}/Podfile.lock\" \"${PODS_ROOT}/Manifest.lock\" > /dev/null\nif [ $? != 0 ] ; then\n    # print error to STDERR\n    echo \"error: The sandbox is not in sync with the Podfile.lock. Run 'pod install' or update your CocoaPods installation.\" >&2\n    exit 1\nfi\n# This output is used by Xcode 'outputs' to avoid re-running this script phase.\necho \"SUCCESS\" > \"${SCRIPT_OUTPUT_FILE_0}\"\n";
			showEnvVarsInLog = 0;
		};
/* End PBXShellScriptBuildPhase section */

/* Begin PBXSourcesBuildPhase section */
		FE6FC30A228C739500391130 /* Sources */ = {
			isa = PBXSourcesBuildPhase;
			buildActionMask = 2147483647;
			files = (
				FEE0A8B6228F4EC1004353F1 /* SearchPresenter.swift in Sources */,
				FE71F121228C9C8D00982049 /* SearchInteractor.swift in Sources */,
				FE71F124228D64F800982049 /* SearchViewController.swift in Sources */,
				FE6FC353228C774C00391130 /* RootWireFrame.swift in Sources */,
				FE71F130228DA7C200982049 /* SearchWireframe.swift in Sources */,
				FE71F128228D85F200982049 /* NetworkService.swift in Sources */,
				FE71F12A228D88A700982049 /* ServiceError.swift in Sources */,
				FE71F12C228D88C500982049 /* Reachability.swift in Sources */,
				FE6FC347228C74B200391130 /* AppDelegate.swift in Sources */,
			);
			runOnlyForDeploymentPostprocessing = 0;
		};
/* End PBXSourcesBuildPhase section */

/* Begin PBXVariantGroup section */
		FE6FC34B228C74F400391130 /* LaunchScreen.storyboard */ = {
			isa = PBXVariantGroup;
			children = (
				FE6FC34C228C74F400391130 /* Base */,
			);
			name = LaunchScreen.storyboard;
			sourceTree = "<group>";
		};
		FE6FC34D228C74F400391130 /* Main.storyboard */ = {
			isa = PBXVariantGroup;
			children = (
				FE6FC34E228C74F400391130 /* Base */,
			);
			name = Main.storyboard;
			sourceTree = "<group>";
		};
/* End PBXVariantGroup section */

/* Begin XCBuildConfiguration section */
		FE6FC334228C739700391130 /* Debug */ = {
			isa = XCBuildConfiguration;
			buildSettings = {
				ALWAYS_SEARCH_USER_PATHS = NO;
				CLANG_ANALYZER_NONNULL = YES;
				CLANG_ANALYZER_NUMBER_OBJECT_CONVERSION = YES_AGGRESSIVE;
				CLANG_CXX_LANGUAGE_STANDARD = "gnu++14";
				CLANG_CXX_LIBRARY = "libc++";
				CLANG_ENABLE_MODULES = YES;
				CLANG_ENABLE_OBJC_ARC = YES;
				CLANG_ENABLE_OBJC_WEAK = YES;
				CLANG_WARN_BLOCK_CAPTURE_AUTORELEASING = YES;
				CLANG_WARN_BOOL_CONVERSION = YES;
				CLANG_WARN_COMMA = YES;
				CLANG_WARN_CONSTANT_CONVERSION = YES;
				CLANG_WARN_DEPRECATED_OBJC_IMPLEMENTATIONS = YES;
				CLANG_WARN_DIRECT_OBJC_ISA_USAGE = YES_ERROR;
				CLANG_WARN_DOCUMENTATION_COMMENTS = YES;
				CLANG_WARN_EMPTY_BODY = YES;
				CLANG_WARN_ENUM_CONVERSION = YES;
				CLANG_WARN_INFINITE_RECURSION = YES;
				CLANG_WARN_INT_CONVERSION = YES;
				CLANG_WARN_NON_LITERAL_NULL_CONVERSION = YES;
				CLANG_WARN_OBJC_IMPLICIT_RETAIN_SELF = YES;
				CLANG_WARN_OBJC_LITERAL_CONVERSION = YES;
				CLANG_WARN_OBJC_ROOT_CLASS = YES_ERROR;
				CLANG_WARN_RANGE_LOOP_ANALYSIS = YES;
				CLANG_WARN_STRICT_PROTOTYPES = YES;
				CLANG_WARN_SUSPICIOUS_MOVE = YES;
				CLANG_WARN_UNGUARDED_AVAILABILITY = YES_AGGRESSIVE;
				CLANG_WARN_UNREACHABLE_CODE = YES;
				CLANG_WARN__DUPLICATE_METHOD_MATCH = YES;
				CODE_SIGN_IDENTITY = "iPhone Developer";
				COPY_PHASE_STRIP = NO;
				DEBUG_INFORMATION_FORMAT = dwarf;
				ENABLE_STRICT_OBJC_MSGSEND = YES;
				ENABLE_TESTABILITY = YES;
				GCC_C_LANGUAGE_STANDARD = gnu11;
				GCC_DYNAMIC_NO_PIC = NO;
				GCC_NO_COMMON_BLOCKS = YES;
				GCC_OPTIMIZATION_LEVEL = 0;
				GCC_PREPROCESSOR_DEFINITIONS = (
					"DEBUG=1",
					"$(inherited)",
				);
				GCC_WARN_64_TO_32_BIT_CONVERSION = YES;
				GCC_WARN_ABOUT_RETURN_TYPE = YES_ERROR;
				GCC_WARN_UNDECLARED_SELECTOR = YES;
				GCC_WARN_UNINITIALIZED_AUTOS = YES_AGGRESSIVE;
				GCC_WARN_UNUSED_FUNCTION = YES;
				GCC_WARN_UNUSED_VARIABLE = YES;
				IPHONEOS_DEPLOYMENT_TARGET = 11.0;
				MTL_ENABLE_DEBUG_INFO = INCLUDE_SOURCE;
				MTL_FAST_MATH = YES;
				ONLY_ACTIVE_ARCH = YES;
				SDKROOT = iphoneos;
				SWIFT_ACTIVE_COMPILATION_CONDITIONS = DEBUG;
				SWIFT_OPTIMIZATION_LEVEL = "-Onone";
			};
			name = Debug;
		};
		FE6FC335228C739700391130 /* Release */ = {
			isa = XCBuildConfiguration;
			buildSettings = {
				ALWAYS_SEARCH_USER_PATHS = NO;
				CLANG_ANALYZER_NONNULL = YES;
				CLANG_ANALYZER_NUMBER_OBJECT_CONVERSION = YES_AGGRESSIVE;
				CLANG_CXX_LANGUAGE_STANDARD = "gnu++14";
				CLANG_CXX_LIBRARY = "libc++";
				CLANG_ENABLE_MODULES = YES;
				CLANG_ENABLE_OBJC_ARC = YES;
				CLANG_ENABLE_OBJC_WEAK = YES;
				CLANG_WARN_BLOCK_CAPTURE_AUTORELEASING = YES;
				CLANG_WARN_BOOL_CONVERSION = YES;
				CLANG_WARN_COMMA = YES;
				CLANG_WARN_CONSTANT_CONVERSION = YES;
				CLANG_WARN_DEPRECATED_OBJC_IMPLEMENTATIONS = YES;
				CLANG_WARN_DIRECT_OBJC_ISA_USAGE = YES_ERROR;
				CLANG_WARN_DOCUMENTATION_COMMENTS = YES;
				CLANG_WARN_EMPTY_BODY = YES;
				CLANG_WARN_ENUM_CONVERSION = YES;
				CLANG_WARN_INFINITE_RECURSION = YES;
				CLANG_WARN_INT_CONVERSION = YES;
				CLANG_WARN_NON_LITERAL_NULL_CONVERSION = YES;
				CLANG_WARN_OBJC_IMPLICIT_RETAIN_SELF = YES;
				CLANG_WARN_OBJC_LITERAL_CONVERSION = YES;
				CLANG_WARN_OBJC_ROOT_CLASS = YES_ERROR;
				CLANG_WARN_RANGE_LOOP_ANALYSIS = YES;
				CLANG_WARN_STRICT_PROTOTYPES = YES;
				CLANG_WARN_SUSPICIOUS_MOVE = YES;
				CLANG_WARN_UNGUARDED_AVAILABILITY = YES_AGGRESSIVE;
				CLANG_WARN_UNREACHABLE_CODE = YES;
				CLANG_WARN__DUPLICATE_METHOD_MATCH = YES;
				CODE_SIGN_IDENTITY = "iPhone Developer";
				COPY_PHASE_STRIP = NO;
				DEBUG_INFORMATION_FORMAT = "dwarf-with-dsym";
				ENABLE_NS_ASSERTIONS = NO;
				ENABLE_STRICT_OBJC_MSGSEND = YES;
				GCC_C_LANGUAGE_STANDARD = gnu11;
				GCC_NO_COMMON_BLOCKS = YES;
				GCC_WARN_64_TO_32_BIT_CONVERSION = YES;
				GCC_WARN_ABOUT_RETURN_TYPE = YES_ERROR;
				GCC_WARN_UNDECLARED_SELECTOR = YES;
				GCC_WARN_UNINITIALIZED_AUTOS = YES_AGGRESSIVE;
				GCC_WARN_UNUSED_FUNCTION = YES;
				GCC_WARN_UNUSED_VARIABLE = YES;
				IPHONEOS_DEPLOYMENT_TARGET = 11.0;
				MTL_ENABLE_DEBUG_INFO = NO;
				MTL_FAST_MATH = YES;
				SDKROOT = iphoneos;
				SWIFT_COMPILATION_MODE = wholemodule;
				SWIFT_OPTIMIZATION_LEVEL = "-O";
				VALIDATE_PRODUCT = YES;
			};
			name = Release;
		};
		FE6FC337228C739700391130 /* Debug */ = {
			isa = XCBuildConfiguration;
			baseConfigurationReference = 9AD6C36234A33F2BB9D3ADCC /* Pods-MyStocks.debug.xcconfig */;
			buildSettings = {
				ASSETCATALOG_COMPILER_APPICON_NAME = AppIcon;
				CODE_SIGN_STYLE = Automatic;
				DEVELOPMENT_TEAM = FC224894XG;
				FRAMEWORK_SEARCH_PATHS = (
					"$(inherited)",
					"\"${PODS_CONFIGURATION_BUILD_DIR}/SVProgressHUD\"",
					"\"${PODS_CONFIGURATION_BUILD_DIR}/SwiftProtobuf\"",
					"$(PROJECT_DIR)/**",
				);
				INFOPLIST_FILE = MyStocks/SupportFiles/Info.plist;
				LD_RUNPATH_SEARCH_PATHS = (
					"$(inherited)",
					"@executable_path/Frameworks",
				);
				LIBRARY_SEARCH_PATHS = (
					"$(inherited)",
					"$(PROJECT_DIR)",
				);
				PRODUCT_BUNDLE_IDENTIFIER = me.vaivin.MyStocks;
				PRODUCT_NAME = "$(TARGET_NAME)";
				SWIFT_VERSION = 5.0;
				TARGETED_DEVICE_FAMILY = "1,2";
			};
			name = Debug;
		};
		FE6FC338228C739700391130 /* Release */ = {
			isa = XCBuildConfiguration;
			baseConfigurationReference = 7C29F7F928D1BD4899006AA9 /* Pods-MyStocks.release.xcconfig */;
			buildSettings = {
				ASSETCATALOG_COMPILER_APPICON_NAME = AppIcon;
				CODE_SIGN_STYLE = Automatic;
				DEVELOPMENT_TEAM = FC224894XG;
				FRAMEWORK_SEARCH_PATHS = (
					"$(inherited)",
					"\"${PODS_CONFIGURATION_BUILD_DIR}/SVProgressHUD\"",
					"\"${PODS_CONFIGURATION_BUILD_DIR}/SwiftProtobuf\"",
					"$(PROJECT_DIR)/**",
				);
				INFOPLIST_FILE = MyStocks/SupportFiles/Info.plist;
				LD_RUNPATH_SEARCH_PATHS = (
					"$(inherited)",
					"@executable_path/Frameworks",
				);
				LIBRARY_SEARCH_PATHS = (
					"$(inherited)",
					"$(PROJECT_DIR)",
				);
				PRODUCT_BUNDLE_IDENTIFIER = me.vaivin.MyStocks;
				PRODUCT_NAME = "$(TARGET_NAME)";
				SWIFT_VERSION = 5.0;
				TARGETED_DEVICE_FAMILY = "1,2";
			};
			name = Release;
		};
/* End XCBuildConfiguration section */

/* Begin XCConfigurationList section */
		FE6FC309228C739500391130 /* Build configuration list for PBXProject "MyStocks" */ = {
			isa = XCConfigurationList;
			buildConfigurations = (
				FE6FC334228C739700391130 /* Debug */,
				FE6FC335228C739700391130 /* Release */,
			);
			defaultConfigurationIsVisible = 0;
			defaultConfigurationName = Release;
		};
		FE6FC336228C739700391130 /* Build configuration list for PBXNativeTarget "MyStocks" */ = {
			isa = XCConfigurationList;
			buildConfigurations = (
				FE6FC337228C739700391130 /* Debug */,
				FE6FC338228C739700391130 /* Release */,
			);
			defaultConfigurationIsVisible = 0;
			defaultConfigurationName = Release;
		};
/* End XCConfigurationList section */
	};
	rootObject = FE6FC306228C739500391130 /* Project object */;
}
